
Microsoft Visual Studio Solution File, Format Version 12.00
Project("{FAE04EC0-301F-11D3-BF4B-00C04F79EFBC}") = "FileUploadManager", "FileUploadManager\FileUploadManager.csproj", "{C19CF8ED-ACC7-402C-B777-C802CCD1C6AA}"
EndProject
Global
	GlobalSection(SolutionConfigurationPlatforms) = preSolution
		Debug|Any CPU = Debug|Any CPU
		Release|Any CPU = Release|Any CPU
	EndGlobalSection
	GlobalSection(ProjectConfigurationPlatforms) = postSolution
		{C19CF8ED-ACC7-402C-B777-C802CCD1C6AA}.Debug|Any CPU.ActiveCfg = Debug|Any CPU
		{C19CF8ED-ACC7-402C-B777-C802CCD1C6AA}.Debug|Any CPU.Build.0 = Debug|Any CPU
		{C19CF8ED-ACC7-402C-B777-C802CCD1C6AA}.Release|Any CPU.ActiveCfg = Release|Any CPU
		{C19CF8ED-ACC7-402C-B777-C802CCD1C6AA}.Release|Any CPU.Build.0 = Release|Any CPU
	EndGlobalSection
EndGlobal
